
Microsoft Visual Studio Solution File, Format Version 12.00
# Visual Studio Version 16
VisualStudioVersion = 25.0.1706.9
MinimumVisualStudioVersion = 10.0.40219.1
Project("{FAE04EC0-301F-11D3-BF4B-00C04F79EFBC}") = "SchoolProject.Domain", "Core\SchoolProject.Domain\SchoolProject.Domain.csproj", "{F5C2C594-EE26-4EEC-A94F-9E6CB7D65287}"
EndProject
Project("{2150E333-8FDC-42A3-9474-1A3956D46DE8}") = "Core", "Core", "{748DE2E6-D850-47DA-AD3E-CCAB8D229BE2}"
EndProject
Project("{2150E333-8FDC-42A3-9474-1A3956D46DE8}") = "Infrastructure", "Infrastructure", "{2B21D1AE-FA29-4301-816C-87CE9ACABDF3}"
EndProject
Project("{FAE04EC0-301F-11D3-BF4B-00C04F79EFBC}") = "SchoolProject.Infrastructure", "Infrastructure\SchoolProject.Infrastructure\SchoolProject.Infrastructure.csproj", "{03C8FB23-C0DE-4ACB-A87B-97F0CF4D78D8}"
EndProject
Project("{FAE04EC0-301F-11D3-BF4B-00C04F79EFBC}") = "SchoolProject.Persistence", "Infrastructure\SchoolProject.Persistence\SchoolProject.Persistence.csproj", "{A7A4CB69-C3F1-4CD5-B5F5-6C58B9E1EB3C}"
EndProject
Project("{2150E333-8FDC-42A3-9474-1A3956D46DE8}") = "Presentation", "Presentation", "{D656930E-20DD-40DE-AB64-E9B26171BA7A}"
EndProject
Project("{FAE04EC0-301F-11D3-BF4B-00C04F79EFBC}") = "SchoolProject.API", "Presentation\SchoolProject.API\SchoolProject.API.csproj", "{C3121B99-5EE8-4404-BD10-69F4DB95ED23}"
EndProject
Project("{FAE04EC0-301F-11D3-BF4B-00C04F79EFBC}") = "SchoolProject.Application", "Core\SchoolProject.Application\SchoolProject.Application.csproj", "{BDCEAC05-6C77-464F-94B6-086EF970930C}"
EndProject
Global
	GlobalSection(SolutionConfigurationPlatforms) = preSolution
		Debug|Any CPU = Debug|Any CPU
		Release|Any CPU = Release|Any CPU
	EndGlobalSection
	GlobalSection(ProjectConfigurationPlatforms) = postSolution
		{F5C2C594-EE26-4EEC-A94F-9E6CB7D65287}.Debug|Any CPU.ActiveCfg = Debug|Any CPU
		{F5C2C594-EE26-4EEC-A94F-9E6CB7D65287}.Debug|Any CPU.Build.0 = Debug|Any CPU
		{F5C2C594-EE26-4EEC-A94F-9E6CB7D65287}.Release|Any CPU.ActiveCfg = Release|Any CPU
		{F5C2C594-EE26-4EEC-A94F-9E6CB7D65287}.Release|Any CPU.Build.0 = Release|Any CPU
		{03C8FB23-C0DE-4ACB-A87B-97F0CF4D78D8}.Debug|Any CPU.ActiveCfg = Debug|Any CPU
		{03C8FB23-C0DE-4ACB-A87B-97F0CF4D78D8}.Debug|Any CPU.Build.0 = Debug|Any CPU
		{03C8FB23-C0DE-4ACB-A87B-97F0CF4D78D8}.Release|Any CPU.ActiveCfg = Release|Any CPU
		{03C8FB23-C0DE-4ACB-A87B-97F0CF4D78D8}.Release|Any CPU.Build.0 = Release|Any CPU
		{A7A4CB69-C3F1-4CD5-B5F5-6C58B9E1EB3C}.Debug|Any CPU.ActiveCfg = Debug|Any CPU
		{A7A4CB69-C3F1-4CD5-B5F5-6C58B9E1EB3C}.Debug|Any CPU.Build.0 = Debug|Any CPU
		{A7A4CB69-C3F1-4CD5-B5F5-6C58B9E1EB3C}.Release|Any CPU.ActiveCfg = Release|Any CPU
		{A7A4CB69-C3F1-4CD5-B5F5-6C58B9E1EB3C}.Release|Any CPU.Build.0 = Release|Any CPU
		{C3121B99-5EE8-4404-BD10-69F4DB95ED23}.Debug|Any CPU.ActiveCfg = Debug|Any CPU
		{C3121B99-5EE8-4404-BD10-69F4DB95ED23}.Debug|Any CPU.Build.0 = Debug|Any CPU
		{C3121B99-5EE8-4404-BD10-69F4DB95ED23}.Release|Any CPU.ActiveCfg = Release|Any CPU
		{C3121B99-5EE8-4404-BD10-69F4DB95ED23}.Release|Any CPU.Build.0 = Release|Any CPU
		{BDCEAC05-6C77-464F-94B6-086EF970930C}.Debug|Any CPU.ActiveCfg = Debug|Any CPU
		{BDCEAC05-6C77-464F-94B6-086EF970930C}.Debug|Any CPU.Build.0 = Debug|Any CPU
		{BDCEAC05-6C77-464F-94B6-086EF970930C}.Release|Any CPU.ActiveCfg = Release|Any CPU
		{BDCEAC05-6C77-464F-94B6-086EF970930C}.Release|Any CPU.Build.0 = Release|Any CPU
	EndGlobalSection
	GlobalSection(SolutionProperties) = preSolution
		HideSolutionNode = FALSE
	EndGlobalSection
	GlobalSection(ExtensibilityGlobals) = postSolution
		SolutionGuid = {9E0C0E8A-C8CD-445F-9B92-E85F8DF22171}
	EndGlobalSection
	GlobalSection(NestedProjects) = preSolution
		{F5C2C594-EE26-4EEC-A94F-9E6CB7D65287} = {748DE2E6-D850-47DA-AD3E-CCAB8D229BE2}
		{03C8FB23-C0DE-4ACB-A87B-97F0CF4D78D8} = {2B21D1AE-FA29-4301-816C-87CE9ACABDF3}
		{A7A4CB69-C3F1-4CD5-B5F5-6C58B9E1EB3C} = {2B21D1AE-FA29-4301-816C-87CE9ACABDF3}
		{C3121B99-5EE8-4404-BD10-69F4DB95ED23} = {D656930E-20DD-40DE-AB64-E9B26171BA7A}
		{BDCEAC05-6C77-464F-94B6-086EF970930C} = {748DE2E6-D850-47DA-AD3E-CCAB8D229BE2}
	EndGlobalSection
EndGlobal
