
Microsoft Visual Studio Solution File, Format Version 12.00
# Visual Studio Version 16
VisualStudioVersion = 25.0.1706.9
MinimumVisualStudioVersion = 10.0.40219.1
Project("{FAE04EC0-301F-11D3-BF4B-00C04F79EFBC}") = "SchoolProject.Domain", "SchoolProject.Domain.csproj", "{78D4736D-0D72-4DDC-B347-67E67B8590F6}"
EndProject
Global
	GlobalSection(SolutionConfigurationPlatforms) = preSolution
		Debug|Any CPU = Debug|Any CPU
		Release|Any CPU = Release|Any CPU
	EndGlobalSection
	GlobalSection(ProjectConfigurationPlatforms) = postSolution
		{78D4736D-0D72-4DDC-B347-67E67B8590F6}.Debug|Any CPU.ActiveCfg = Debug|Any CPU
		{78D4736D-0D72-4DDC-B347-67E67B8590F6}.Debug|Any CPU.Build.0 = Debug|Any CPU
		{78D4736D-0D72-4DDC-B347-67E67B8590F6}.Release|Any CPU.ActiveCfg = Release|Any CPU
		{78D4736D-0D72-4DDC-B347-67E67B8590F6}.Release|Any CPU.Build.0 = Release|Any CPU
	EndGlobalSection
	GlobalSection(SolutionProperties) = preSolution
		HideSolutionNode = FALSE
	EndGlobalSection
	GlobalSection(ExtensibilityGlobals) = postSolution
		SolutionGuid = {A8F90FDF-73FE-4B90-B8DD-B28539934C5A}
	EndGlobalSection
EndGlobal
